
Microsoft Visual Studio Solution File, Format Version 12.00
# Visual Studio Express 2012 for Web
Project("{FAE04EC0-301F-11D3-BF4B-00C04F79EFBC}") = "MvcDonata", "MvcDonata\MvcDonata.csproj", "{8723E8E7-D5A6-4036-B763-214AE94FB4CA}"
EndProject
Global
	GlobalSection(SolutionConfigurationPlatforms) = preSolution
		Debug|Any CPU = Debug|Any CPU
		Release|Any CPU = Release|Any CPU
	EndGlobalSection
	GlobalSection(ProjectConfigurationPlatforms) = postSolution
		{8723E8E7-D5A6-4036-B763-214AE94FB4CA}.Debug|Any CPU.ActiveCfg = Debug|Any CPU
		{8723E8E7-D5A6-4036-B763-214AE94FB4CA}.Debug|Any CPU.Build.0 = Debug|Any CPU
		{8723E8E7-D5A6-4036-B763-214AE94FB4CA}.Release|Any CPU.ActiveCfg = Release|Any CPU
		{8723E8E7-D5A6-4036-B763-214AE94FB4CA}.Release|Any CPU.Build.0 = Release|Any CPU
	EndGlobalSection
	GlobalSection(SolutionProperties) = preSolution
		HideSolutionNode = FALSE
	EndGlobalSection
EndGlobal
